
Microsoft Visual Studio Solution File, Format Version 12.00
# Visual Studio Version 17
VisualStudioVersion = 17.0.32112.339
MinimumVisualStudioVersion = 10.0.40219.1
Project("{F184B08F-C81C-45F6-A57F-5ABD9991F28F}") = "Video_164", "Video_164\Video_164.vbproj", "{11022672-CFA3-409B-A1A8-10D75473691E}"
EndProject
Global
	GlobalSection(SolutionConfigurationPlatforms) = preSolution
		Debug|Any CPU = Debug|Any CPU
		Release|Any CPU = Release|Any CPU
	EndGlobalSection
	GlobalSection(ProjectConfigurationPlatforms) = postSolution
		{11022672-CFA3-409B-A1A8-10D75473691E}.Debug|Any CPU.ActiveCfg = Debug|Any CPU
		{11022672-CFA3-409B-A1A8-10D75473691E}.Debug|Any CPU.Build.0 = Debug|Any CPU
		{11022672-CFA3-409B-A1A8-10D75473691E}.Release|Any CPU.ActiveCfg = Release|Any CPU
		{11022672-CFA3-409B-A1A8-10D75473691E}.Release|Any CPU.Build.0 = Release|Any CPU
	EndGlobalSection
	GlobalSection(SolutionProperties) = preSolution
		HideSolutionNode = FALSE
	EndGlobalSection
	GlobalSection(ExtensibilityGlobals) = postSolution
		SolutionGuid = {2BC9CB82-798A-4E60-ABC9-71FB83A5DF16}
	EndGlobalSection
EndGlobal
